
Microsoft Visual Studio Solution File, Format Version 12.00
# Visual Studio Version 17
VisualStudioVersion = 17.11.35222.181
MinimumVisualStudioVersion = 10.0.40219.1
Project("{FAE04EC0-301F-11D3-BF4B-00C04F79EFBC}") = "CPU-Process", "CPU-Process\CPU-Process.csproj", "{AA3CCC9A-13CB-4538-A69B-626B9391D62B}"
EndProject
Global
	GlobalSection(SolutionConfigurationPlatforms) = preSolution
		Debug|Any CPU = Debug|Any CPU
		Release|Any CPU = Release|Any CPU
	EndGlobalSection
	GlobalSection(ProjectConfigurationPlatforms) = postSolution
		{AA3CCC9A-13CB-4538-A69B-626B9391D62B}.Debug|Any CPU.ActiveCfg = Debug|Any CPU
		{AA3CCC9A-13CB-4538-A69B-626B9391D62B}.Debug|Any CPU.Build.0 = Debug|Any CPU
		{AA3CCC9A-13CB-4538-A69B-626B9391D62B}.Release|Any CPU.ActiveCfg = Release|Any CPU
		{AA3CCC9A-13CB-4538-A69B-626B9391D62B}.Release|Any CPU.Build.0 = Release|Any CPU
	EndGlobalSection
	GlobalSection(SolutionProperties) = preSolution
		HideSolutionNode = FALSE
	EndGlobalSection
	GlobalSection(ExtensibilityGlobals) = postSolution
		SolutionGuid = {54E64984-EABA-45D4-A469-C5FE4D932DF2}
	EndGlobalSection
EndGlobal
